
Microsoft Visual Studio Solution File, Format Version 12.00
# Visual Studio Version 17
VisualStudioVersion = 17.9.34728.123
MinimumVisualStudioVersion = 10.0.40219.1
Project("{FAE04EC0-301F-11D3-BF4B-00C04F79EFBC}") = "ManageGologin", "ManageGologin\ManageGologin.csproj", "{4961D27C-795F-4165-93E7-B6380A4F4C98}"
EndProject
Global
	GlobalSection(SolutionConfigurationPlatforms) = preSolution
		Debug|Any CPU = Debug|Any CPU
		Release|Any CPU = Release|Any CPU
	EndGlobalSection
	GlobalSection(ProjectConfigurationPlatforms) = postSolution
		{4961D27C-795F-4165-93E7-B6380A4F4C98}.Debug|Any CPU.ActiveCfg = Debug|Any CPU
		{4961D27C-795F-4165-93E7-B6380A4F4C98}.Debug|Any CPU.Build.0 = Debug|Any CPU
		{4961D27C-795F-4165-93E7-B6380A4F4C98}.Release|Any CPU.ActiveCfg = Release|Any CPU
		{4961D27C-795F-4165-93E7-B6380A4F4C98}.Release|Any CPU.Build.0 = Release|Any CPU
	EndGlobalSection
	GlobalSection(SolutionProperties) = preSolution
		HideSolutionNode = FALSE
	EndGlobalSection
	GlobalSection(ExtensibilityGlobals) = postSolution
		SolutionGuid = {7340E323-921B-4E7F-8AB3-548EDDF3D493}
	EndGlobalSection
EndGlobal
